
Microsoft Visual Studio Solution File, Format Version 12.00
# Visual Studio 15
VisualStudioVersion = 15.0.27004.2006
MinimumVisualStudioVersion = 10.0.40219.1
Project("{9092AA53-FB77-4645-B42D-1CCCA6BD08BD}") = "recipesProcessor", "global\recipesProcessor.njsproj", "{CD873C3E-0111-4105-9330-4B3684B0C29C}"
EndProject
Global
	GlobalSection(SolutionConfigurationPlatforms) = preSolution
		Debug|Any CPU = Debug|Any CPU
		Release|Any CPU = Release|Any CPU
	EndGlobalSection
	GlobalSection(ProjectConfigurationPlatforms) = postSolution
		{CD873C3E-0111-4105-9330-4B3684B0C29C}.Debug|Any CPU.ActiveCfg = Debug|Any CPU
		{CD873C3E-0111-4105-9330-4B3684B0C29C}.Debug|Any CPU.Build.0 = Debug|Any CPU
		{CD873C3E-0111-4105-9330-4B3684B0C29C}.Release|Any CPU.ActiveCfg = Release|Any CPU
		{CD873C3E-0111-4105-9330-4B3684B0C29C}.Release|Any CPU.Build.0 = Release|Any CPU
	EndGlobalSection
	GlobalSection(SolutionProperties) = preSolution
		HideSolutionNode = FALSE
	EndGlobalSection
	GlobalSection(ExtensibilityGlobals) = postSolution
		SolutionGuid = {4458DDD2-B69D-4E6A-B36D-9029A67834A9}
	EndGlobalSection
EndGlobal
